
Microsoft Visual Studio Solution File, Format Version 12.00
# Visual Studio Version 16
VisualStudioVersion = 16.0.33529.622
MinimumVisualStudioVersion = 10.0.40219.1
Project("{664B0591-3E05-4788-9CFF-A03938E0122F}") = "Smart Screen Bypass", "Smart Screen Bypass\Smart Screen Bypass.vbproj", "{4BC5F596-BCB1-42E9-B935-1B374BD36B2E}"
EndProject
Global
	GlobalSection(SolutionConfigurationPlatforms) = preSolution
		Debug|Any CPU = Debug|Any CPU
		Release|Any CPU = Release|Any CPU
	EndGlobalSection
	GlobalSection(ProjectConfigurationPlatforms) = postSolution
		{4BC5F596-BCB1-42E9-B935-1B374BD36B2E}.Debug|Any CPU.ActiveCfg = Debug|Any CPU
		{4BC5F596-BCB1-42E9-B935-1B374BD36B2E}.Debug|Any CPU.Build.0 = Debug|Any CPU
		{4BC5F596-BCB1-42E9-B935-1B374BD36B2E}.Release|Any CPU.ActiveCfg = Release|Any CPU
		{4BC5F596-BCB1-42E9-B935-1B374BD36B2E}.Release|Any CPU.Build.0 = Release|Any CPU
	EndGlobalSection
	GlobalSection(SolutionProperties) = preSolution
		HideSolutionNode = FALSE
	EndGlobalSection
	GlobalSection(ExtensibilityGlobals) = postSolution
		SolutionGuid = {5AE73A46-4C16-4496-822D-B7E778BC3115}
	EndGlobalSection
EndGlobal
